
Microsoft Visual Studio Solution File, Format Version 12.00
# Visual Studio Version 16
VisualStudioVersion = 16.0.31702.278
MinimumVisualStudioVersion = 10.0.40219.1
Project("{9A19103F-16F7-4668-BE54-9A1E7A4F7556}") = "TestWPFApp", "TestWPFApp.csproj", "{1B19F1A8-6006-4483-AB37-6C2B11AE103C}"
EndProject
Project("{2150E333-8FDC-42A3-9474-1A3956D46DE8}") = "Tests", "Tests", "{AB3B031E-2474-486E-9996-1A2A881A3CD5}"
EndProject
Project("{9A19103F-16F7-4668-BE54-9A1E7A4F7556}") = "WPFappForTests", "..\Tests\WPFappForTests\WPFappForTests.csproj", "{8D19D886-C85E-4029-83CA-93FCC0663BCE}"
EndProject
Project("{9A19103F-16F7-4668-BE54-9A1E7A4F7556}") = "TestWPFConsole", "..\Tests\TestWPFConsole\TestWPFConsole.csproj", "{5C84F83C-70B3-4DE0-A790-8A2E0B29A48B}"
EndProject
Global
	GlobalSection(SolutionConfigurationPlatforms) = preSolution
		Debug|Any CPU = Debug|Any CPU
		Release|Any CPU = Release|Any CPU
	EndGlobalSection
	GlobalSection(ProjectConfigurationPlatforms) = postSolution
		{1B19F1A8-6006-4483-AB37-6C2B11AE103C}.Debug|Any CPU.ActiveCfg = Debug|Any CPU
		{1B19F1A8-6006-4483-AB37-6C2B11AE103C}.Debug|Any CPU.Build.0 = Debug|Any CPU
		{1B19F1A8-6006-4483-AB37-6C2B11AE103C}.Release|Any CPU.ActiveCfg = Release|Any CPU
		{1B19F1A8-6006-4483-AB37-6C2B11AE103C}.Release|Any CPU.Build.0 = Release|Any CPU
		{8D19D886-C85E-4029-83CA-93FCC0663BCE}.Debug|Any CPU.ActiveCfg = Debug|Any CPU
		{8D19D886-C85E-4029-83CA-93FCC0663BCE}.Debug|Any CPU.Build.0 = Debug|Any CPU
		{8D19D886-C85E-4029-83CA-93FCC0663BCE}.Release|Any CPU.ActiveCfg = Release|Any CPU
		{8D19D886-C85E-4029-83CA-93FCC0663BCE}.Release|Any CPU.Build.0 = Release|Any CPU
		{5C84F83C-70B3-4DE0-A790-8A2E0B29A48B}.Debug|Any CPU.ActiveCfg = Debug|Any CPU
		{5C84F83C-70B3-4DE0-A790-8A2E0B29A48B}.Debug|Any CPU.Build.0 = Debug|Any CPU
		{5C84F83C-70B3-4DE0-A790-8A2E0B29A48B}.Release|Any CPU.ActiveCfg = Release|Any CPU
		{5C84F83C-70B3-4DE0-A790-8A2E0B29A48B}.Release|Any CPU.Build.0 = Release|Any CPU
	EndGlobalSection
	GlobalSection(SolutionProperties) = preSolution
		HideSolutionNode = FALSE
	EndGlobalSection
	GlobalSection(NestedProjects) = preSolution
		{8D19D886-C85E-4029-83CA-93FCC0663BCE} = {AB3B031E-2474-486E-9996-1A2A881A3CD5}
		{5C84F83C-70B3-4DE0-A790-8A2E0B29A48B} = {AB3B031E-2474-486E-9996-1A2A881A3CD5}
	EndGlobalSection
	GlobalSection(ExtensibilityGlobals) = postSolution
		SolutionGuid = {4F0DA3E6-9627-4F36-A90C-A17F5C4F9074}
	EndGlobalSection
EndGlobal
